// !$*UTF8*$!
{
	archiveVersion = 1;
	classes = {
	};
	objectVersion = 55;
	objects = {

/* Begin PBXBuildFile section */
		093A3BC12800FECA00AFA704 /* FavoriteMealView.swift in Sources */ = {isa = PBXBuildFile; fileRef = 093A3BC02800FECA00AFA704 /* FavoriteMealView.swift */; };
		093B3D27281CD190009DF71E /* CalorieHutTests.swift in Sources */ = {isa = PBXBuildFile; fileRef = 093B3D26281CD190009DF71E /* CalorieHutTests.swift */; };
		09446D37281584FE00B295E7 /* LaunchScreen.storyboard in Resources */ = {isa = PBXBuildFile; fileRef = 09446D36281584FE00B295E7 /* LaunchScreen.storyboard */; };
		09446D3D2815F31200B295E7 /* MealRecordView.swift in Sources */ = {isa = PBXBuildFile; fileRef = 09446D3C2815F31200B295E7 /* MealRecordView.swift */; };
		0965BDFB28BBC696007DB21A /* MealsRecordButton.swift in Sources */ = {isa = PBXBuildFile; fileRef = 0965BDFA28BBC696007DB21A /* MealsRecordButton.swift */; };
		0986372E2825C50600516CF7 /* TabBarView.swift in Sources */ = {isa = PBXBuildFile; fileRef = 0986372D2825C50600516CF7 /* TabBarView.swift */; };
		098637302825C56500516CF7 /* TabBarViewModel.swift in Sources */ = {isa = PBXBuildFile; fileRef = 0986372F2825C56500516CF7 /* TabBarViewModel.swift */; };
		09A10EB0281053D500BAD70E /* InfoSheetView.swift in Sources */ = {isa = PBXBuildFile; fileRef = 09A10EAF281053D500BAD70E /* InfoSheetView.swift */; };
		09AF6D9A27FB81B400D344BF /* CalorieHutApp.swift in Sources */ = {isa = PBXBuildFile; fileRef = 09AF6D9927FB81B400D344BF /* CalorieHutApp.swift */; };
		09AF6D9E27FB81B600D344BF /* Assets.xcassets in Resources */ = {isa = PBXBuildFile; fileRef = 09AF6D9D27FB81B600D344BF /* Assets.xcassets */; };
		09AF6DA127FB81B600D344BF /* Preview Assets.xcassets in Resources */ = {isa = PBXBuildFile; fileRef = 09AF6DA027FB81B600D344BF /* Preview Assets.xcassets */; };
		09AF6DAB27FB81FA00D344BF /* HomeView.swift in Sources */ = {isa = PBXBuildFile; fileRef = 09AF6DAA27FB81FA00D344BF /* HomeView.swift */; };
		09AF6DAD27FB869200D344BF /* ProgressRingView.swift in Sources */ = {isa = PBXBuildFile; fileRef = 09AF6DAC27FB869200D344BF /* ProgressRingView.swift */; };
		09AF6DAF27FB8A4C00D344BF /* ProgressCircleView.swift in Sources */ = {isa = PBXBuildFile; fileRef = 09AF6DAE27FB8A4C00D344BF /* ProgressCircleView.swift */; };
		09AF6DB727FBA69000D344BF /* MainView.swift in Sources */ = {isa = PBXBuildFile; fileRef = 09AF6DB627FBA69000D344BF /* MainView.swift */; };
		09D88869280310D50024B039 /* CalculatorView.swift in Sources */ = {isa = PBXBuildFile; fileRef = 09D88868280310D50024B039 /* CalculatorView.swift */; };
		09E7C8E327FC968C00153CD9 /* Category.swift in Sources */ = {isa = PBXBuildFile; fileRef = 09E7C8E227FC968C00153CD9 /* Category.swift */; };
		09E7C8E527FC97C200153CD9 /* CategoryGridView.swift in Sources */ = {isa = PBXBuildFile; fileRef = 09E7C8E427FC97C200153CD9 /* CategoryGridView.swift */; };
		09E7C8E727FCE96B00153CD9 /* Meal.swift in Sources */ = {isa = PBXBuildFile; fileRef = 09E7C8E627FCE96B00153CD9 /* Meal.swift */; };
		09E7C8E927FCEE8F00153CD9 /* MealViewModel.swift in Sources */ = {isa = PBXBuildFile; fileRef = 09E7C8E827FCEE8F00153CD9 /* MealViewModel.swift */; };
		09E7C8EB27FCF58700153CD9 /* MealsListView.swift in Sources */ = {isa = PBXBuildFile; fileRef = 09E7C8EA27FCF58700153CD9 /* MealsListView.swift */; };
		09ECA8E7280F71F700F24966 /* HapticSoundManager.swift in Sources */ = {isa = PBXBuildFile; fileRef = 09ECA8E6280F71F700F24966 /* HapticSoundManager.swift */; };
		09ECA8E9280F75A800F24966 /* ding.mp3 in Resources */ = {isa = PBXBuildFile; fileRef = 09ECA8E8280F75A800F24966 /* ding.mp3 */; };
		09ECA8EB280F771200F24966 /* NotificationManager.swift in Sources */ = {isa = PBXBuildFile; fileRef = 09ECA8EA280F771200F24966 /* NotificationManager.swift */; };
/* End PBXBuildFile section */

/* Begin PBXContainerItemProxy section */
		093B3D28281CD190009DF71E /* PBXContainerItemProxy */ = {
			isa = PBXContainerItemProxy;
			containerPortal = 09AF6D8E27FB81B400D344BF /* Project object */;
			proxyType = 1;
			remoteGlobalIDString = 09AF6D9527FB81B400D344BF;
			remoteInfo = CalorieHut;
		};
/* End PBXContainerItemProxy section */

/* Begin PBXFileReference section */
		093A3BC02800FECA00AFA704 /* FavoriteMealView.swift */ = {isa = PBXFileReference; lastKnownFileType = sourcecode.swift; path = FavoriteMealView.swift; sourceTree = "<group>"; };
		093B3D24281CD18F009DF71E /* CalorieHutTests.xctest */ = {isa = PBXFileReference; explicitFileType = wrapper.cfbundle; includeInIndex = 0; path = CalorieHutTests.xctest; sourceTree = BUILT_PRODUCTS_DIR; };
		093B3D26281CD190009DF71E /* CalorieHutTests.swift */ = {isa = PBXFileReference; lastKnownFileType = sourcecode.swift; path = CalorieHutTests.swift; sourceTree = "<group>"; };
		09446D36281584FE00B295E7 /* LaunchScreen.storyboard */ = {isa = PBXFileReference; lastKnownFileType = file.storyboard; path = LaunchScreen.storyboard; sourceTree = "<group>"; };
		09446D3C2815F31200B295E7 /* MealRecordView.swift */ = {isa = PBXFileReference; lastKnownFileType = sourcecode.swift; path = MealRecordView.swift; sourceTree = "<group>"; };
		0965BDFA28BBC696007DB21A /* MealsRecordButton.swift */ = {isa = PBXFileReference; lastKnownFileType = sourcecode.swift; path = MealsRecordButton.swift; sourceTree = "<group>"; };
		0986372D2825C50600516CF7 /* TabBarView.swift */ = {isa = PBXFileReference; lastKnownFileType = sourcecode.swift; path = TabBarView.swift; sourceTree = "<group>"; };
		0986372F2825C56500516CF7 /* TabBarViewModel.swift */ = {isa = PBXFileReference; lastKnownFileType = sourcecode.swift; path = TabBarViewModel.swift; sourceTree = "<group>"; };
		09A10EAF281053D500BAD70E /* InfoSheetView.swift */ = {isa = PBXFileReference; lastKnownFileType = sourcecode.swift; path = InfoSheetView.swift; sourceTree = "<group>"; };
		09AF6D9627FB81B400D344BF /* Calorie Hut.app */ = {isa = PBXFileReference; explicitFileType = wrapper.application; includeInIndex = 0; path = "Calorie Hut.app"; sourceTree = BUILT_PRODUCTS_DIR; };
		09AF6D9927FB81B400D344BF /* CalorieHutApp.swift */ = {isa = PBXFileReference; lastKnownFileType = sourcecode.swift; path = CalorieHutApp.swift; sourceTree = "<group>"; };
		09AF6D9D27FB81B600D344BF /* Assets.xcassets */ = {isa = PBXFileReference; lastKnownFileType = folder.assetcatalog; path = Assets.xcassets; sourceTree = "<group>"; };
		09AF6DA027FB81B600D344BF /* Preview Assets.xcassets */ = {isa = PBXFileReference; lastKnownFileType = folder.assetcatalog; path = "Preview Assets.xcassets"; sourceTree = "<group>"; };
		09AF6DAA27FB81FA00D344BF /* HomeView.swift */ = {isa = PBXFileReference; lastKnownFileType = sourcecode.swift; path = HomeView.swift; sourceTree = "<group>"; };
		09AF6DAC27FB869200D344BF /* ProgressRingView.swift */ = {isa = PBXFileReference; lastKnownFileType = sourcecode.swift; path = ProgressRingView.swift; sourceTree = "<group>"; };
		09AF6DAE27FB8A4C00D344BF /* ProgressCircleView.swift */ = {isa = PBXFileReference; lastKnownFileType = sourcecode.swift; path = ProgressCircleView.swift; sourceTree = "<group>"; };
		09AF6DB627FBA69000D344BF /* MainView.swift */ = {isa = PBXFileReference; lastKnownFileType = sourcecode.swift; path = MainView.swift; sourceTree = "<group>"; };
		09D88868280310D50024B039 /* CalculatorView.swift */ = {isa = PBXFileReference; lastKnownFileType = sourcecode.swift; path = CalculatorView.swift; sourceTree = "<group>"; };
		09E7C8E227FC968C00153CD9 /* Category.swift */ = {isa = PBXFileReference; lastKnownFileType = sourcecode.swift; path = Category.swift; sourceTree = "<group>"; };
		09E7C8E427FC97C200153CD9 /* CategoryGridView.swift */ = {isa = PBXFileReference; lastKnownFileType = sourcecode.swift; path = CategoryGridView.swift; sourceTree = "<group>"; };
		09E7C8E627FCE96B00153CD9 /* Meal.swift */ = {isa = PBXFileReference; lastKnownFileType = sourcecode.swift; path = Meal.swift; sourceTree = "<group>"; };
		09E7C8E827FCEE8F00153CD9 /* MealViewModel.swift */ = {isa = PBXFileReference; lastKnownFileType = sourcecode.swift; path = MealViewModel.swift; sourceTree = "<group>"; };
		09E7C8EA27FCF58700153CD9 /* MealsListView.swift */ = {isa = PBXFileReference; lastKnownFileType = sourcecode.swift; path = MealsListView.swift; sourceTree = "<group>"; };
		09ECA8E6280F71F700F24966 /* HapticSoundManager.swift */ = {isa = PBXFileReference; lastKnownFileType = sourcecode.swift; path = HapticSoundManager.swift; sourceTree = "<group>"; };
		09ECA8E8280F75A800F24966 /* ding.mp3 */ = {isa = PBXFileReference; lastKnownFileType = audio.mp3; path = ding.mp3; sourceTree = "<group>"; };
		09ECA8EA280F771200F24966 /* NotificationManager.swift */ = {isa = PBXFileReference; lastKnownFileType = sourcecode.swift; path = NotificationManager.swift; sourceTree = "<group>"; };
/* End PBXFileReference section */

/* Begin PBXFrameworksBuildPhase section */
		093B3D21281CD18F009DF71E /* Frameworks */ = {
			isa = PBXFrameworksBuildPhase;
			buildActionMask = 2147483647;
			files = (
			);
			runOnlyForDeploymentPostprocessing = 0;
		};
		09AF6D9327FB81B400D344BF /* Frameworks */ = {
			isa = PBXFrameworksBuildPhase;
			buildActionMask = 2147483647;
			files = (
			);
			runOnlyForDeploymentPostprocessing = 0;
		};
/* End PBXFrameworksBuildPhase section */

/* Begin PBXGroup section */
		093B3D25281CD18F009DF71E /* CalorieHutTests */ = {
			isa = PBXGroup;
			children = (
				093B3D26281CD190009DF71E /* CalorieHutTests.swift */,
			);
			path = CalorieHutTests;
			sourceTree = "<group>";
		};
		0965BDF928BBC66D007DB21A /* Components */ = {
			isa = PBXGroup;
			children = (
				09AF6DAC27FB869200D344BF /* ProgressRingView.swift */,
				09AF6DAE27FB8A4C00D344BF /* ProgressCircleView.swift */,
				0965BDFA28BBC696007DB21A /* MealsRecordButton.swift */,
			);
			path = Components;
			sourceTree = "<group>";
		};
		09AF6D8D27FB81B400D344BF = {
			isa = PBXGroup;
			children = (
				09AF6D9827FB81B400D344BF /* CalorieHut */,
				093B3D25281CD18F009DF71E /* CalorieHutTests */,
				09AF6D9727FB81B400D344BF /* Products */,
			);
			sourceTree = "<group>";
		};
		09AF6D9727FB81B400D344BF /* Products */ = {
			isa = PBXGroup;
			children = (
				09AF6D9627FB81B400D344BF /* Calorie Hut.app */,
				093B3D24281CD18F009DF71E /* CalorieHutTests.xctest */,
			);
			name = Products;
			sourceTree = "<group>";
		};
		09AF6D9827FB81B400D344BF /* CalorieHut */ = {
			isa = PBXGroup;
			children = (
				09AF6D9927FB81B400D344BF /* CalorieHutApp.swift */,
				09AF6DA927FB81E800D344BF /* ViewModel */,
				09AF6DA827FB81E100D344BF /* Model */,
				09AF6DA727FB81DA00D344BF /* Views */,
				09AF6D9D27FB81B600D344BF /* Assets.xcassets */,
				09AF6D9F27FB81B600D344BF /* Preview Content */,
			);
			path = CalorieHut;
			sourceTree = "<group>";
		};
		09AF6D9F27FB81B600D344BF /* Preview Content */ = {
			isa = PBXGroup;
			children = (
				09AF6DA027FB81B600D344BF /* Preview Assets.xcassets */,
			);
			path = "Preview Content";
			sourceTree = "<group>";
		};
		09AF6DA727FB81DA00D344BF /* Views */ = {
			isa = PBXGroup;
			children = (
				0965BDF928BBC66D007DB21A /* Components */,
				09AF6DAA27FB81FA00D344BF /* HomeView.swift */,
				09446D3C2815F31200B295E7 /* MealRecordView.swift */,
				09AF6DB627FBA69000D344BF /* MainView.swift */,
				09E7C8E427FC97C200153CD9 /* CategoryGridView.swift */,
				09E7C8EA27FCF58700153CD9 /* MealsListView.swift */,
				093A3BC02800FECA00AFA704 /* FavoriteMealView.swift */,
				09D88868280310D50024B039 /* CalculatorView.swift */,
				09A10EAF281053D500BAD70E /* InfoSheetView.swift */,
				0986372D2825C50600516CF7 /* TabBarView.swift */,
				09446D36281584FE00B295E7 /* LaunchScreen.storyboard */,
			);
			path = Views;
			sourceTree = "<group>";
		};
		09AF6DA827FB81E100D344BF /* Model */ = {
			isa = PBXGroup;
			children = (
				09E7C8E227FC968C00153CD9 /* Category.swift */,
				09E7C8E627FCE96B00153CD9 /* Meal.swift */,
				09ECA8EA280F771200F24966 /* NotificationManager.swift */,
				09ECA8E6280F71F700F24966 /* HapticSoundManager.swift */,
				09ECA8E8280F75A800F24966 /* ding.mp3 */,
			);
			path = Model;
			sourceTree = "<group>";
		};
		09AF6DA927FB81E800D344BF /* ViewModel */ = {
			isa = PBXGroup;
			children = (
				09E7C8E827FCEE8F00153CD9 /* MealViewModel.swift */,
				0986372F2825C56500516CF7 /* TabBarViewModel.swift */,
			);
			path = ViewModel;
			sourceTree = "<group>";
		};
/* End PBXGroup section */

/* Begin PBXNativeTarget section */
		093B3D23281CD18F009DF71E /* CalorieHutTests */ = {
			isa = PBXNativeTarget;
			buildConfigurationList = 093B3D2C281CD190009DF71E /* Build configuration list for PBXNativeTarget "CalorieHutTests" */;
			buildPhases = (
				093B3D20281CD18F009DF71E /* Sources */,
				093B3D21281CD18F009DF71E /* Frameworks */,
				093B3D22281CD18F009DF71E /* Resources */,
			);
			buildRules = (
			);
			dependencies = (
				093B3D29281CD190009DF71E /* PBXTargetDependency */,
			);
			name = CalorieHutTests;
			productName = CalorieHutTests;
			productReference = 093B3D24281CD18F009DF71E /* CalorieHutTests.xctest */;
			productType = "com.apple.product-type.bundle.unit-test";
		};
		09AF6D9527FB81B400D344BF /* CalorieHut */ = {
			isa = PBXNativeTarget;
			buildConfigurationList = 09AF6DA427FB81B600D344BF /* Build configuration list for PBXNativeTarget "CalorieHut" */;
			buildPhases = (
				09AF6D9227FB81B400D344BF /* Sources */,
				09AF6D9327FB81B400D344BF /* Frameworks */,
				09AF6D9427FB81B400D344BF /* Resources */,
			);
			buildRules = (
			);
			dependencies = (
			);
			name = CalorieHut;
			packageProductDependencies = (
			);
			productName = CalorieHut;
			productReference = 09AF6D9627FB81B400D344BF /* Calorie Hut.app */;
			productType = "com.apple.product-type.application";
		};
/* End PBXNativeTarget section */

/* Begin PBXProject section */
		09AF6D8E27FB81B400D344BF /* Project object */ = {
			isa = PBXProject;
			attributes = {
				BuildIndependentTargetsInParallel = 1;
				LastSwiftUpdateCheck = 1330;
				LastUpgradeCheck = 1330;
				TargetAttributes = {
					093B3D23281CD18F009DF71E = {
						CreatedOnToolsVersion = 13.3.1;
						TestTargetID = 09AF6D9527FB81B400D344BF;
					};
					09AF6D9527FB81B400D344BF = {
						CreatedOnToolsVersion = 13.3;
					};
				};
			};
			buildConfigurationList = 09AF6D9127FB81B400D344BF /* Build configuration list for PBXProject "CalorieHut" */;
			compatibilityVersion = "Xcode 13.0";
			developmentRegion = en;
			hasScannedForEncodings = 0;
			knownRegions = (
				en,
				Base,
			);
			mainGroup = 09AF6D8D27FB81B400D344BF;
			packageReferences = (
			);
			productRefGroup = 09AF6D9727FB81B400D344BF /* Products */;
			projectDirPath = "";
			projectRoot = "";
			targets = (
				09AF6D9527FB81B400D344BF /* CalorieHut */,
				093B3D23281CD18F009DF71E /* CalorieHutTests */,
			);
		};
/* End PBXProject section */

/* Begin PBXResourcesBuildPhase section */
		093B3D22281CD18F009DF71E /* Resources */ = {
			isa = PBXResourcesBuildPhase;
			buildActionMask = 2147483647;
			files = (
			);
			runOnlyForDeploymentPostprocessing = 0;
		};
		09AF6D9427FB81B400D344BF /* Resources */ = {
			isa = PBXResourcesBuildPhase;
			buildActionMask = 2147483647;
			files = (
				09AF6DA127FB81B600D344BF /* Preview Assets.xcassets in Resources */,
				09446D37281584FE00B295E7 /* LaunchScreen.storyboard in Resources */,
				09AF6D9E27FB81B600D344BF /* Assets.xcassets in Resources */,
				09ECA8E9280F75A800F24966 /* ding.mp3 in Resources */,
			);
			runOnlyForDeploymentPostprocessing = 0;
		};
/* End PBXResourcesBuildPhase section */

/* Begin PBXSourcesBuildPhase section */
		093B3D20281CD18F009DF71E /* Sources */ = {
			isa = PBXSourcesBuildPhase;
			buildActionMask = 2147483647;
			files = (
				093B3D27281CD190009DF71E /* CalorieHutTests.swift in Sources */,
			);
			runOnlyForDeploymentPostprocessing = 0;
		};
		09AF6D9227FB81B400D344BF /* Sources */ = {
			isa = PBXSourcesBuildPhase;
			buildActionMask = 2147483647;
			files = (
				09E7C8E527FC97C200153CD9 /* CategoryGridView.swift in Sources */,
				09D88869280310D50024B039 /* CalculatorView.swift in Sources */,
				09446D3D2815F31200B295E7 /* MealRecordView.swift in Sources */,
				09E7C8E927FCEE8F00153CD9 /* MealViewModel.swift in Sources */,
				0986372E2825C50600516CF7 /* TabBarView.swift in Sources */,
				09AF6DAB27FB81FA00D344BF /* HomeView.swift in Sources */,
				09AF6DAF27FB8A4C00D344BF /* ProgressCircleView.swift in Sources */,
				09ECA8E7280F71F700F24966 /* HapticSoundManager.swift in Sources */,
				09AF6D9A27FB81B400D344BF /* CalorieHutApp.swift in Sources */,
				09E7C8E727FCE96B00153CD9 /* Meal.swift in Sources */,
				09AF6DB727FBA69000D344BF /* MainView.swift in Sources */,
				09E7C8EB27FCF58700153CD9 /* MealsListView.swift in Sources */,
				09AF6DAD27FB869200D344BF /* ProgressRingView.swift in Sources */,
				0965BDFB28BBC696007DB21A /* MealsRecordButton.swift in Sources */,
				09ECA8EB280F771200F24966 /* NotificationManager.swift in Sources */,
				09E7C8E327FC968C00153CD9 /* Category.swift in Sources */,
				09A10EB0281053D500BAD70E /* InfoSheetView.swift in Sources */,
				098637302825C56500516CF7 /* TabBarViewModel.swift in Sources */,
				093A3BC12800FECA00AFA704 /* FavoriteMealView.swift in Sources */,
			);
			runOnlyForDeploymentPostprocessing = 0;
		};
/* End PBXSourcesBuildPhase section */

/* Begin PBXTargetDependency section */
		093B3D29281CD190009DF71E /* PBXTargetDependency */ = {
			isa = PBXTargetDependency;
			target = 09AF6D9527FB81B400D344BF /* CalorieHut */;
			targetProxy = 093B3D28281CD190009DF71E /* PBXContainerItemProxy */;
		};
/* End PBXTargetDependency section */

/* Begin XCBuildConfiguration section */
		093B3D2A281CD190009DF71E /* Debug */ = {
			isa = XCBuildConfiguration;
			buildSettings = {
				BUNDLE_LOADER = "$(TEST_HOST)";
				CODE_SIGN_STYLE = Automatic;
				CURRENT_PROJECT_VERSION = 1;
				DEVELOPMENT_TEAM = QWLH47G69C;
				GENERATE_INFOPLIST_FILE = YES;
				IPHONEOS_DEPLOYMENT_TARGET = 15.4;
				MARKETING_VERSION = 1.0;
				PRODUCT_BUNDLE_IDENTIFIER = com.youssif.CalorieHutTests;
				PRODUCT_NAME = "$(TARGET_NAME)";
				SWIFT_EMIT_LOC_STRINGS = NO;
				SWIFT_VERSION = 5.0;
				TARGETED_DEVICE_FAMILY = "1,2";
				TEST_HOST = "$(BUILT_PRODUCTS_DIR)/Calorie Hut.app/Calorie Hut";
			};
			name = Debug;
		};
		093B3D2B281CD190009DF71E /* Release */ = {
			isa = XCBuildConfiguration;
			buildSettings = {
				BUNDLE_LOADER = "$(TEST_HOST)";
				CODE_SIGN_STYLE = Automatic;
				CURRENT_PROJECT_VERSION = 1;
				DEVELOPMENT_TEAM = QWLH47G69C;
				GENERATE_INFOPLIST_FILE = YES;
				IPHONEOS_DEPLOYMENT_TARGET = 15.4;
				MARKETING_VERSION = 1.0;
				PRODUCT_BUNDLE_IDENTIFIER = com.youssif.CalorieHutTests;
				PRODUCT_NAME = "$(TARGET_NAME)";
				SWIFT_EMIT_LOC_STRINGS = NO;
				SWIFT_VERSION = 5.0;
				TARGETED_DEVICE_FAMILY = "1,2";
				TEST_HOST = "$(BUILT_PRODUCTS_DIR)/Calorie Hut.app/Calorie Hut";
			};
			name = Release;
		};
		09AF6DA227FB81B600D344BF /* Debug */ = {
			isa = XCBuildConfiguration;
			buildSettings = {
				ALWAYS_SEARCH_USER_PATHS = NO;
				CLANG_ANALYZER_NONNULL = YES;
				CLANG_ANALYZER_NUMBER_OBJECT_CONVERSION = YES_AGGRESSIVE;
				CLANG_CXX_LANGUAGE_STANDARD = "gnu++17";
				CLANG_ENABLE_MODULES = YES;
				CLANG_ENABLE_OBJC_ARC = YES;
				CLANG_ENABLE_OBJC_WEAK = YES;
				CLANG_WARN_BLOCK_CAPTURE_AUTORELEASING = YES;
				CLANG_WARN_BOOL_CONVERSION = YES;
				CLANG_WARN_COMMA = YES;
				CLANG_WARN_CONSTANT_CONVERSION = YES;
				CLANG_WARN_DEPRECATED_OBJC_IMPLEMENTATIONS = YES;
				CLANG_WARN_DIRECT_OBJC_ISA_USAGE = YES_ERROR;
				CLANG_WARN_DOCUMENTATION_COMMENTS = YES;
				CLANG_WARN_EMPTY_BODY = YES;
				CLANG_WARN_ENUM_CONVERSION = YES;
				CLANG_WARN_INFINITE_RECURSION = YES;
				CLANG_WARN_INT_CONVERSION = YES;
				CLANG_WARN_NON_LITERAL_NULL_CONVERSION = YES;
				CLANG_WARN_OBJC_IMPLICIT_RETAIN_SELF = YES;
				CLANG_WARN_OBJC_LITERAL_CONVERSION = YES;
				CLANG_WARN_OBJC_ROOT_CLASS = YES_ERROR;
				CLANG_WARN_QUOTED_INCLUDE_IN_FRAMEWORK_HEADER = YES;
				CLANG_WARN_RANGE_LOOP_ANALYSIS = YES;
				CLANG_WARN_STRICT_PROTOTYPES = YES;
				CLANG_WARN_SUSPICIOUS_MOVE = YES;
				CLANG_WARN_UNGUARDED_AVAILABILITY = YES_AGGRESSIVE;
				CLANG_WARN_UNREACHABLE_CODE = YES;
				CLANG_WARN__DUPLICATE_METHOD_MATCH = YES;
				COPY_PHASE_STRIP = NO;
				DEBUG_INFORMATION_FORMAT = dwarf;
				ENABLE_STRICT_OBJC_MSGSEND = YES;
				ENABLE_TESTABILITY = YES;
				GCC_C_LANGUAGE_STANDARD = gnu11;
				GCC_DYNAMIC_NO_PIC = NO;
				GCC_NO_COMMON_BLOCKS = YES;
				GCC_OPTIMIZATION_LEVEL = 0;
				GCC_PREPROCESSOR_DEFINITIONS = (
					"DEBUG=1",
					"$(inherited)",
				);
				GCC_WARN_64_TO_32_BIT_CONVERSION = YES;
				GCC_WARN_ABOUT_RETURN_TYPE = YES_ERROR;
				GCC_WARN_UNDECLARED_SELECTOR = YES;
				GCC_WARN_UNINITIALIZED_AUTOS = YES_AGGRESSIVE;
				GCC_WARN_UNUSED_FUNCTION = YES;
				GCC_WARN_UNUSED_VARIABLE = YES;
				IPHONEOS_DEPLOYMENT_TARGET = 15.0;
				MTL_ENABLE_DEBUG_INFO = INCLUDE_SOURCE;
				MTL_FAST_MATH = YES;
				ONLY_ACTIVE_ARCH = YES;
				SDKROOT = iphoneos;
				SWIFT_ACTIVE_COMPILATION_CONDITIONS = DEBUG;
				SWIFT_OPTIMIZATION_LEVEL = "-Onone";
			};
			name = Debug;
		};
		09AF6DA327FB81B600D344BF /* Release */ = {
			isa = XCBuildConfiguration;
			buildSettings = {
				ALWAYS_SEARCH_USER_PATHS = NO;
				CLANG_ANALYZER_NONNULL = YES;
				CLANG_ANALYZER_NUMBER_OBJECT_CONVERSION = YES_AGGRESSIVE;
				CLANG_CXX_LANGUAGE_STANDARD = "gnu++17";
				CLANG_ENABLE_MODULES = YES;
				CLANG_ENABLE_OBJC_ARC = YES;
				CLANG_ENABLE_OBJC_WEAK = YES;
				CLANG_WARN_BLOCK_CAPTURE_AUTORELEASING = YES;
				CLANG_WARN_BOOL_CONVERSION = YES;
				CLANG_WARN_COMMA = YES;
				CLANG_WARN_CONSTANT_CONVERSION = YES;
				CLANG_WARN_DEPRECATED_OBJC_IMPLEMENTATIONS = YES;
				CLANG_WARN_DIRECT_OBJC_ISA_USAGE = YES_ERROR;
				CLANG_WARN_DOCUMENTATION_COMMENTS = YES;
				CLANG_WARN_EMPTY_BODY = YES;
				CLANG_WARN_ENUM_CONVERSION = YES;
				CLANG_WARN_INFINITE_RECURSION = YES;
				CLANG_WARN_INT_CONVERSION = YES;
				CLANG_WARN_NON_LITERAL_NULL_CONVERSION = YES;
				CLANG_WARN_OBJC_IMPLICIT_RETAIN_SELF = YES;
				CLANG_WARN_OBJC_LITERAL_CONVERSION = YES;
				CLANG_WARN_OBJC_ROOT_CLASS = YES_ERROR;
				CLANG_WARN_QUOTED_INCLUDE_IN_FRAMEWORK_HEADER = YES;
				CLANG_WARN_RANGE_LOOP_ANALYSIS = YES;
				CLANG_WARN_STRICT_PROTOTYPES = YES;
				CLANG_WARN_SUSPICIOUS_MOVE = YES;
				CLANG_WARN_UNGUARDED_AVAILABILITY = YES_AGGRESSIVE;
				CLANG_WARN_UNREACHABLE_CODE = YES;
				CLANG_WARN__DUPLICATE_METHOD_MATCH = YES;
				COPY_PHASE_STRIP = NO;
				DEBUG_INFORMATION_FORMAT = "dwarf-with-dsym";
				ENABLE_NS_ASSERTIONS = NO;
				ENABLE_STRICT_OBJC_MSGSEND = YES;
				GCC_C_LANGUAGE_STANDARD = gnu11;
				GCC_NO_COMMON_BLOCKS = YES;
				GCC_WARN_64_TO_32_BIT_CONVERSION = YES;
				GCC_WARN_ABOUT_RETURN_TYPE = YES_ERROR;
				GCC_WARN_UNDECLARED_SELECTOR = YES;
				GCC_WARN_UNINITIALIZED_AUTOS = YES_AGGRESSIVE;
				GCC_WARN_UNUSED_FUNCTION = YES;
				GCC_WARN_UNUSED_VARIABLE = YES;
				IPHONEOS_DEPLOYMENT_TARGET = 15.0;
				MTL_ENABLE_DEBUG_INFO = NO;
				MTL_FAST_MATH = YES;
				SDKROOT = iphoneos;
				SWIFT_COMPILATION_MODE = wholemodule;
				SWIFT_OPTIMIZATION_LEVEL = "-O";
				VALIDATE_PRODUCT = YES;
			};
			name = Release;
		};
		09AF6DA527FB81B600D344BF /* Debug */ = {
			isa = XCBuildConfiguration;
			buildSettings = {
				ASSETCATALOG_COMPILER_APPICON_NAME = AppIcon;
				ASSETCATALOG_COMPILER_GLOBAL_ACCENT_COLOR_NAME = AccentColor;
				CODE_SIGN_STYLE = Automatic;
				CURRENT_PROJECT_VERSION = 1;
				DEVELOPMENT_ASSET_PATHS = "\"CalorieHut/Preview Content\"";
				DEVELOPMENT_TEAM = QWLH47G69C;
				ENABLE_PREVIEWS = YES;
				GENERATE_INFOPLIST_FILE = YES;
				INFOPLIST_KEY_UIApplicationSceneManifest_Generation = YES;
				INFOPLIST_KEY_UIApplicationSupportsIndirectInputEvents = YES;
				INFOPLIST_KEY_UILaunchScreen_Generation = YES;
				INFOPLIST_KEY_UILaunchStoryboardName = LaunchScreen;
				INFOPLIST_KEY_UISupportedInterfaceOrientations_iPad = "UIInterfaceOrientationPortrait UIInterfaceOrientationPortraitUpsideDown UIInterfaceOrientationLandscapeLeft UIInterfaceOrientationLandscapeRight";
				INFOPLIST_KEY_UISupportedInterfaceOrientations_iPhone = "UIInterfaceOrientationPortrait UIInterfaceOrientationLandscapeLeft UIInterfaceOrientationLandscapeRight";
				LD_RUNPATH_SEARCH_PATHS = (
					"$(inherited)",
					"@executable_path/Frameworks",
				);
				MARKETING_VERSION = 1.0;
				PRODUCT_BUNDLE_IDENTIFIER = com.youssif.CalorieHut;
				PRODUCT_NAME = "Calorie Hut";
				SWIFT_EMIT_LOC_STRINGS = YES;
				SWIFT_VERSION = 5.0;
				TARGETED_DEVICE_FAMILY = 1;
			};
			name = Debug;
		};
		09AF6DA627FB81B600D344BF /* Release */ = {
			isa = XCBuildConfiguration;
			buildSettings = {
				ASSETCATALOG_COMPILER_APPICON_NAME = AppIcon;
				ASSETCATALOG_COMPILER_GLOBAL_ACCENT_COLOR_NAME = AccentColor;
				CODE_SIGN_STYLE = Automatic;
				CURRENT_PROJECT_VERSION = 1;
				DEVELOPMENT_ASSET_PATHS = "\"CalorieHut/Preview Content\"";
				DEVELOPMENT_TEAM = QWLH47G69C;
				ENABLE_PREVIEWS = YES;
				GENERATE_INFOPLIST_FILE = YES;
				INFOPLIST_KEY_UIApplicationSceneManifest_Generation = YES;
				INFOPLIST_KEY_UIApplicationSupportsIndirectInputEvents = YES;
				INFOPLIST_KEY_UILaunchScreen_Generation = YES;
				INFOPLIST_KEY_UILaunchStoryboardName = LaunchScreen;
				INFOPLIST_KEY_UISupportedInterfaceOrientations_iPad = "UIInterfaceOrientationPortrait UIInterfaceOrientationPortraitUpsideDown UIInterfaceOrientationLandscapeLeft UIInterfaceOrientationLandscapeRight";
				INFOPLIST_KEY_UISupportedInterfaceOrientations_iPhone = "UIInterfaceOrientationPortrait UIInterfaceOrientationLandscapeLeft UIInterfaceOrientationLandscapeRight";
				LD_RUNPATH_SEARCH_PATHS = (
					"$(inherited)",
					"@executable_path/Frameworks",
				);
				MARKETING_VERSION = 1.0;
				PRODUCT_BUNDLE_IDENTIFIER = com.youssif.CalorieHut;
				PRODUCT_NAME = "Calorie Hut";
				SWIFT_EMIT_LOC_STRINGS = YES;
				SWIFT_VERSION = 5.0;
				TARGETED_DEVICE_FAMILY = 1;
			};
			name = Release;
		};
/* End XCBuildConfiguration section */

/* Begin XCConfigurationList section */
		093B3D2C281CD190009DF71E /* Build configuration list for PBXNativeTarget "CalorieHutTests" */ = {
			isa = XCConfigurationList;
			buildConfigurations = (
				093B3D2A281CD190009DF71E /* Debug */,
				093B3D2B281CD190009DF71E /* Release */,
			);
			defaultConfigurationIsVisible = 0;
			defaultConfigurationName = Release;
		};
		09AF6D9127FB81B400D344BF /* Build configuration list for PBXProject "CalorieHut" */ = {
			isa = XCConfigurationList;
			buildConfigurations = (
				09AF6DA227FB81B600D344BF /* Debug */,
				09AF6DA327FB81B600D344BF /* Release */,
			);
			defaultConfigurationIsVisible = 0;
			defaultConfigurationName = Release;
		};
		09AF6DA427FB81B600D344BF /* Build configuration list for PBXNativeTarget "CalorieHut" */ = {
			isa = XCConfigurationList;
			buildConfigurations = (
				09AF6DA527FB81B600D344BF /* Debug */,
				09AF6DA627FB81B600D344BF /* Release */,
			);
			defaultConfigurationIsVisible = 0;
			defaultConfigurationName = Release;
		};
/* End XCConfigurationList section */
	};
	rootObject = 09AF6D8E27FB81B400D344BF /* Project object */;
}
